version = 1
revision = 3
requires-python = ">=3.9"

[[package]]
name = "bcrg"
version = "1.0.1"
source = { editable = "." }
dependencies = [
    { name = "lupa" },
]

[package.dev-dependencies]
dev = [
    { name = "ruff" },
]

[package.metadata]
requires-dist = [{ name = "lupa", specifier = ">=2.5" }]

[package.metadata.requires-dev]
dev = [{ name = "ruff", specifier = ">=0.14.0" }]

[[package]]
name = "lupa"
version = "2.5"
source = { registry = "https://pypi.org/simple" }
sdist = { url = "https://files.pythonhosted.org/packages/d5/51/4e20b597795b58f840289042d87d65f0e33cdc73653a4c1c7026346e1725/lupa-2.5.tar.gz", hash = "sha256:69c6a89f2b7b08a3040d7ed2a1eeccba37a31ddc92fa199339c53a2ae3c48c34", size = 7235982, upload-time = "2025-06-15T15:31:51.745Z" }
wheels = [
    { url = "https://files.pythonhosted.org/packages/22/cb/3c82773eb581b8a95fae98eb5f0b7aa535c9fab04ac91da6ccab2bf2b6eb/lupa-2.5-cp310-cp310-macosx_11_0_arm64.whl", hash = "sha256:102538780e8a6164944fff6bf93737d7cb8bf9e6f7146baa56184755fadb96d5", size = 909182, upload-time = "2025-06-15T15:28:59.668Z" },
    { url = "https://files.pythonhosted.org/packages/54/e3/3ad6a3aae96dfd8fe15d696c824772fc14740ccd677907ac07872a9f5e72/lupa-2.5-cp310-cp310-macosx_11_0_universal2.whl", hash = "sha256:d5235bf6880544f6b357513ba508f70a2d0363ae8bd94d696ba564b458435dbf", size = 1852437, upload-time = "2025-06-15T15:29:02.681Z" },
    { url = "https://files.pythonhosted.org/packages/f7/cf/2628b11289fafb8856f3b5a29f186e415978cf9a26b676931f6cb037ce32/lupa-2.5-cp310-cp310-macosx_11_0_x86_64.whl", hash = "sha256:05f7c091d59ef267e2572a7580c23093ce89894ed2755b68159a5a271b0b48eb", size = 964263, upload-time = "2025-06-15T15:29:04.697Z" },
    { url = "https://files.pythonhosted.org/packages/86/e1/18459bafaea54384305f1c0633d922197de7a349628fef5f5c83bad0a332/lupa-2.5-cp310-cp310-manylinux2010_i686.manylinux2014_i686.manylinux_2_12_i686.manylinux_2_17_i686.whl", hash = "sha256:62a810cb5270dd3f983db49f65518c1c060e7575beb464b80feafbb6b54baba1", size = 1170422, upload-time = "2025-06-15T15:29:07.141Z" },
    { url = "https://files.pythonhosted.org/packages/bb/36/1e62c7f6da39b765742d3f104c0a0cb78fb562914d9a59c061194caf8f6b/lupa-2.5-cp310-cp310-manylinux2014_aarch64.manylinux_2_17_aarch64.manylinux_2_28_aarch64.whl", hash = "sha256:7d28842fcd98ef1f0b825ae1e0b9568710eb4c522fb5dffa53255024c7816b84", size = 1062304, upload-time = "2025-06-15T15:29:09.405Z" },
    { url = "https://files.pythonhosted.org/packages/cc/8c/a13bcec44aed28b0c05daddaa713e85a16386300f62fd10312e4e51baac2/lupa-2.5-cp310-cp310-manylinux2014_x86_64.manylinux_2_17_x86_64.manylinux_2_28_x86_64.whl", hash = "sha256:82a845a5d93766fde05fc4094a27382f5253af97b699a36d496ca3cdf6afe769", size = 2105449, upload-time = "2025-06-15T15:29:12.093Z" },
    { url = "https://files.pythonhosted.org/packages/7d/2d/6c42afdf3eb2f4d8467cb70912df0db83d490584772db51f176475f831ca/lupa-2.5-cp310-cp310-musllinux_1_2_aarch64.whl", hash = "sha256:366e98069d20164632d66cd8c0820fcb4d8fea1214364e1614d19bf69086e29f", size = 1085431, upload-time = "2025-06-15T15:29:14.489Z" },
    { url = "https://files.pythonhosted.org/packages/d8/fe/697f8846209230ca2948a9a78d65870e45e51772862313ad61dbfea23bbd/lupa-2.5-cp310-cp310-musllinux_1_2_i686.whl", hash = "sha256:c6133fa7d193e590f52266afedbeb55ae6dbb8c6def6f3a2074b10edfdb44727", size = 1196719, upload-time = "2025-06-15T15:29:16.761Z" },
    { url = "https://files.pythonhosted.org/packages/1d/cb/b77966f2229c29cbbdfa06f7b7cf59865cfe68fff8c4aa24ecea6cb5e0a1/lupa-2.5-cp310-cp310-musllinux_1_2_x86_64.whl", hash = "sha256:4b4a4a030e6a075e940a36311d44b4e2609778253ea10f933cf61786182cffed", size = 2201540, upload-time = "2025-06-15T15:29:19.459Z" },
    { url = "https://files.pythonhosted.org/packages/14/c3/e3e686f7b55292ad192c9cf7307fe1370c8969e348ecb987b0b314d9af75/lupa-2.5-cp310-cp310-win32.whl", hash = "sha256:9f6b2d6e2b909e8ca1a746286881e718864d44d862596e4aae769dd9f63efcda", size = 1414886, upload-time = "2025-06-15T15:29:21.659Z" },
    { url = "https://files.pythonhosted.org/packages/b1/6e/f44ba7d13c53bfd99af3b03f22ac01620e3ec3eb81ac059edd56ae314641/lupa-2.5-cp310-cp310-win_amd64.whl", hash = "sha256:58bb044c788ad72b6b017e1f1513f7c2ef2a92f0d76f1b11bb0344f6bc82c623", size = 1668093, upload-time = "2025-06-15T15:29:24.234Z" },
    { url = "https://files.pythonhosted.org/packages/d8/d8/6f648335b66adde88651ff65afa96fcf5db26b957e30886b9860ca680799/lupa-2.5-cp311-cp311-macosx_11_0_arm64.whl", hash = "sha256:0014935935862d3acf0f96dfa9ce6657720ece6918feaf76eb7c63948ba03a58", size = 919573, upload-time = "2025-06-15T15:29:26.136Z" },
    { url = "https://files.pythonhosted.org/packages/d7/d8/7510b877d2bd02e3b0aae70b9d771ac9ed6a9ac842b6d1b2dcebaff3557c/lupa-2.5-cp311-cp311-macosx_11_0_universal2.whl", hash = "sha256:5249ac3eb11aeba0e25dbc20d53352cd04d2e48299a412d187200d492fd0fd63", size = 1871844, upload-time = "2025-06-15T15:29:28.217Z" },
    { url = "https://files.pythonhosted.org/packages/57/6b/ec6ae84ba9fb6c9ac8768e1eab9a403fffb5b348ed0eab6a7a0a8cc694c3/lupa-2.5-cp311-cp311-macosx_11_0_x86_64.whl", hash = "sha256:789acf7f98e1328a2744e19dd7cb92c08e2d6397d5b9e8810954d5192499d2ae", size = 973418, upload-time = "2025-06-15T15:29:30.676Z" },
    { url = "https://files.pythonhosted.org/packages/28/5b/1a9ffcc53ff3bb59d096eae95db462056a22ab253ede8678119d3f72eb76/lupa-2.5-cp311-cp311-manylinux2010_i686.manylinux2014_i686.manylinux_2_12_i686.manylinux_2_17_i686.whl", hash = "sha256:858e40d67292e524416da37993ec08290f29ad804608457803d8c570970623a7", size = 1154453, upload-time = "2025-06-15T15:29:33.204Z" },
    { url = "https://files.pythonhosted.org/packages/41/81/13aac83263bd62860db8bb3db313beb008a8bc33eb0c498b2bb5dce6d827/lupa-2.5-cp311-cp311-manylinux2014_aarch64.manylinux_2_17_aarch64.manylinux_2_28_aarch64.whl", hash = "sha256:d126bea5b69778eeb15277b0f3c362604a5509bdab1fc768d8d4e4f97ec5a922", size = 1052241, upload-time = "2025-06-15T15:29:35.599Z" },
    { url = "https://files.pythonhosted.org/packages/a2/0f/77d1908a099c19c8aec23c095c398bb1f23f1fe3ef03801a7769066b6cf0/lupa-2.5-cp311-cp311-manylinux2014_x86_64.manylinux_2_17_x86_64.manylinux_2_28_x86_64.whl", hash = "sha256:29688640ebb88c317a76e41111de360b0dd38e833949928d76792dba2ba5cb0a", size = 2085299, upload-time = "2025-06-15T15:29:38.156Z" },
    { url = "https://files.pythonhosted.org/packages/07/43/590d17a39f78e2da4a51734af21c16bd237eff674392acce51a010a702c0/lupa-2.5-cp311-cp311-musllinux_1_2_aarch64.whl", hash = "sha256:3e7a9ae6f39015b07c44c32fe76fe8c3997451c7fd30a6fc12da3a78de502480", size = 1075624, upload-time = "2025-06-15T15:29:40.706Z" },
    { url = "https://files.pythonhosted.org/packages/92/86/65472ff813e46afa40d36533f6ea478cd6a8f88132ae66148338b79f54de/lupa-2.5-cp311-cp311-musllinux_1_2_i686.whl", hash = "sha256:fa8cd11211c965d4fd1a79897d407d2614e60910936b2c2522303488331a712e", size = 1184649, upload-time = "2025-06-15T15:29:42.905Z" },
    { url = "https://files.pythonhosted.org/packages/b9/5c/2d9594b603ba08e52a2eaf25e051157430b6e7dcd7d7f65811406d8c176e/lupa-2.5-cp311-cp311-musllinux_1_2_x86_64.whl", hash = "sha256:e6bc86dd2cc2e4751e7f44fd925a6a88da822136dc9d20b37a2aac858850acf0", size = 2180943, upload-time = "2025-06-15T15:29:46.27Z" },
    { url = "https://files.pythonhosted.org/packages/e1/92/44d959d1d097fb58e87a2d4a069aa90a4ef496b2be6be6a13cea6b8b80d4/lupa-2.5-cp311-cp311-win32.whl", hash = "sha256:a35c8fce1e71dd9b57486407f783de32fba938a62b806d1ebe747a5e0475958a", size = 1415064, upload-time = "2025-06-15T15:29:48.016Z" },
    { url = "https://files.pythonhosted.org/packages/22/06/5e19b6e323339bb5092f782aaadaf6f5e1c876939756fec5900a99e77a1f/lupa-2.5-cp311-cp311-win_amd64.whl", hash = "sha256:0148bd1a1391d9fa3d14e0e4a07118f4091bdde7eb49cad98d417b4e5368ab77", size = 1679502, upload-time = "2025-06-15T15:29:50.547Z" },
    { url = "https://files.pythonhosted.org/packages/a5/44/db0fa42b126ea416efd9ea031b5490c37d3ce1575c7253f5b91d47faede4/lupa-2.5-cp312-cp312-macosx_11_0_arm64.whl", hash = "sha256:85635865409320efa9e6b95f64176317a2409a3f4e261e032094c48f783eb5f5", size = 901972, upload-time = "2025-06-15T15:29:52.908Z" },
    { url = "https://files.pythonhosted.org/packages/81/96/2ff21f67532c3a2b4e15e6c108a589af26a111d9f58bee192b5cead3ad22/lupa-2.5-cp312-cp312-macosx_11_0_universal2.whl", hash = "sha256:ec223da758c920f2e2b20e934a7761e233ad24121e6bba4708b7d3aafff9a513", size = 1851779, upload-time = "2025-06-15T15:29:55.105Z" },
    { url = "https://files.pythonhosted.org/packages/7e/da/815b6d7986d07f4ea1d992a31ba6bba8732dd5c1142311f24933aacc685b/lupa-2.5-cp312-cp312-macosx_11_0_x86_64.whl", hash = "sha256:7b3e258528a89f973a5e4a1b7d268a84bb1ae6e39912cfe5373c5a81ac8b82b6", size = 970599, upload-time = "2025-06-15T15:29:57.312Z" },
    { url = "https://files.pythonhosted.org/packages/75/ed/a62788e22fc2896f68bc3df9939ba505d94096acf337336aee8ce0fea3f4/lupa-2.5-cp312-cp312-manylinux2010_i686.manylinux2014_i686.manylinux_2_12_i686.manylinux_2_17_i686.whl", hash = "sha256:07d91df9994c8a17e16d9923684ea810dfc2ecd290503e100a1525ed3aa48bc8", size = 1127171, upload-time = "2025-06-15T15:29:59.673Z" },
    { url = "https://files.pythonhosted.org/packages/a5/57/c88b8c99c552d025a28484cd91e3bd8e2132af64f62f543b98b3107fe35b/lupa-2.5-cp312-cp312-manylinux2014_aarch64.manylinux_2_17_aarch64.manylinux_2_28_aarch64.whl", hash = "sha256:1d969ee4eed04788e7a5fa24613dcbc2fff6ef4e978a8ced4746f752092d70a9", size = 1041794, upload-time = "2025-06-15T15:30:01.944Z" },
    { url = "https://files.pythonhosted.org/packages/e6/6b/338c68c7df3b5ee03f79da32dc33bdd75c25ccc57e9204d31bd62515b271/lupa-2.5-cp312-cp312-manylinux2014_x86_64.manylinux_2_17_x86_64.manylinux_2_28_x86_64.whl", hash = "sha256:2478053c6d30b6c46a969a5ffb02181f35a5b299fc5481e99ba5ae63f0f0a63f", size = 2078068, upload-time = "2025-06-15T15:30:04.414Z" },
    { url = "https://files.pythonhosted.org/packages/53/35/2455e8fa0ad4f5a65003eb7e1efbdeada5c16ac13ce8fb31d95a2c1f4f1e/lupa-2.5-cp312-cp312-musllinux_1_2_aarch64.whl", hash = "sha256:e8bfdc69ebbc12271d9dfdb821bf6d5943887f8ec48acc4b19516c0a21bf98cf", size = 1060907, upload-time = "2025-06-15T15:30:06.65Z" },
    { url = "https://files.pythonhosted.org/packages/5c/44/38970fd1ff2069e3f3b87fa4817d5ce99272c3be49d31ca089603250cd79/lupa-2.5-cp312-cp312-musllinux_1_2_i686.whl", hash = "sha256:953aa2bb0649ed08df911a001d845626d72b31e108da38701ed1116c22b3768f", size = 1175819, upload-time = "2025-06-15T15:30:08.784Z" },
    { url = "https://files.pythonhosted.org/packages/2e/0e/2cd499ac942aed285fc5be3ec7e2372a314cb83e7d17b596a9f855db98f2/lupa-2.5-cp312-cp312-musllinux_1_2_x86_64.whl", hash = "sha256:b4ed0d6dfb7246bc5c85f998c3507b0bd1b16553924eaf0834c4d896a60ee0cd", size = 2170558, upload-time = "2025-06-15T15:30:11.242Z" },
    { url = "https://files.pythonhosted.org/packages/7e/19/cb4d6bb92cf10a0f3824883a1382128198d7fd92b61665b9833af8d59fab/lupa-2.5-cp312-cp312-win32.whl", hash = "sha256:56e7e29980635a34422b9bc074015c3fc0a1ed354df6866ed27092b385b06839", size = 1423324, upload-time = "2025-06-15T15:30:13.485Z" },
    { url = "https://files.pythonhosted.org/packages/89/d7/98c42bf67692ce59fb8e5b32d6479042a8b4fd031579ea2969aeddf30621/lupa-2.5-cp312-cp312-win_amd64.whl", hash = "sha256:e51b0d1dee87a95f54b35f376a6eaa1143147ce3c5d89ba027772fb327555db6", size = 1698790, upload-time = "2025-06-15T15:30:15.885Z" },
    { url = "https://files.pythonhosted.org/packages/62/82/e535e181d751cbd0cc8465c0c3f8f162d8cd69ba075c9916912b6a7c5830/lupa-2.5-cp313-cp313-macosx_11_0_arm64.whl", hash = "sha256:61f09dbb8af779d78f90d71811798710a29b455c6948ea51365eefc0ab142a0d", size = 897899, upload-time = "2025-06-15T15:30:17.572Z" },
    { url = "https://files.pythonhosted.org/packages/17/9f/2b16dfd4bea0effa256e51b446a543c1d95b059bd7217a671c8b3c0adec5/lupa-2.5-cp313-cp313-macosx_11_0_universal2.whl", hash = "sha256:e372577ac3b54a4d13d43e43de2111ad48b6fabb8f7545f40bcd989e6c13b128", size = 1841869, upload-time = "2025-06-15T15:30:19.635Z" },
    { url = "https://files.pythonhosted.org/packages/19/34/c0219eaf75e60777973a1bc317483f6569b7e662e8c0295cf667dfa39ef1/lupa-2.5-cp313-cp313-macosx_11_0_x86_64.whl", hash = "sha256:671c7c38197a2d11040bb0e05593063ee62b29a67c982dda688bb2ef30b81670", size = 965235, upload-time = "2025-06-15T15:30:21.93Z" },
    { url = "https://files.pythonhosted.org/packages/fe/a7/54df82f921088ba125a48d1cb74778200013ec3814f5d45a63e92832405c/lupa-2.5-cp313-cp313-manylinux2010_i686.manylinux2014_i686.manylinux_2_12_i686.manylinux_2_17_i686.whl", hash = "sha256:5cfbbec4cb74ad70b5d1747de1537095e21cb57ca70d2a6186738322d82cf917", size = 1120634, upload-time = "2025-06-15T15:30:24.454Z" },
    { url = "https://files.pythonhosted.org/packages/94/72/31e52086abcc34e1787ecbf7b913c039551dd42f8fa9610ae0f64bc36fb0/lupa-2.5-cp313-cp313-manylinux2014_aarch64.manylinux_2_17_aarch64.manylinux_2_28_aarch64.whl", hash = "sha256:867430dde43c8cf463cd72d03b07a9158f2bee79bbdae08b0fb1e6e32982853e", size = 1037562, upload-time = "2025-06-15T15:30:26.535Z" },
    { url = "https://files.pythonhosted.org/packages/7f/31/96305ed6e702f9b22859c4422aa258d33f005546b8198b954bcb6c2294c9/lupa-2.5-cp313-cp313-manylinux2014_x86_64.manylinux_2_17_x86_64.manylinux_2_28_x86_64.whl", hash = "sha256:4326c120ae18de3fed09ea37be792a568a8433c7f3e01e0c7e32f883d98fc5a5", size = 2072701, upload-time = "2025-06-15T15:30:28.925Z" },
    { url = "https://files.pythonhosted.org/packages/37/9b/6440cde2f09b83c42ed3c6f121d0b8b9cf39f539960226600c8f72e2556f/lupa-2.5-cp313-cp313-musllinux_1_2_aarch64.whl", hash = "sha256:78308d2ea41e2fae47659fe671725d5346d61d9d894d22b36e427f259b5a0cf1", size = 1057425, upload-time = "2025-06-15T15:30:30.988Z" },
    { url = "https://files.pythonhosted.org/packages/37/f4/9f5fb25df939408bac4b088c1ca42c96fb1606ac40aa1c6c28cc9f43e585/lupa-2.5-cp313-cp313-musllinux_1_2_i686.whl", hash = "sha256:5a9c12e74faaea60ae50a6d2670eb7e7cfc0b036045912bb37a15753a702fc28", size = 1172440, upload-time = "2025-06-15T15:30:33.147Z" },
    { url = "https://files.pythonhosted.org/packages/d3/3a/adebc756f088416c276359978a982a00b755aa3f23def7f7f6ec1d023105/lupa-2.5-cp313-cp313-musllinux_1_2_x86_64.whl", hash = "sha256:2a848ed378fbfcf735780116265bd2e68600691efefb4f7ff326a4ac089189d5", size = 2166142, upload-time = "2025-06-15T15:30:35.232Z" },
    { url = "https://files.pythonhosted.org/packages/6c/8a/fedac88be2af4bdf7e981d9eecfb2defe612004a22fb745978f68d9ddbee/lupa-2.5-cp313-cp313-win32.whl", hash = "sha256:1ea65fb8046bf2c7cf39dfb3677ce5e25d5ea1330e7f9bce9b274fcdf55db29b", size = 1422328, upload-time = "2025-06-15T15:30:37.057Z" },
    { url = "https://files.pythonhosted.org/packages/5d/38/9572b19463ee5aebcb4a503dee7d9f908179ee1b80e6dfc21300b156ee04/lupa-2.5-cp313-cp313-win_amd64.whl", hash = "sha256:e8d52999947d3d09c1dd2cf572cfb90a0ced3185f702e75f4b1a3ba4276b3c97", size = 1694135, upload-time = "2025-06-15T15:30:38.944Z" },
    { url = "https://files.pythonhosted.org/packages/db/cd/77e29d8d59145cbb8c211ce8c711eb54b404572d74dce7e9959cc57e808a/lupa-2.5-cp39-cp39-macosx_11_0_arm64.whl", hash = "sha256:cb2656da6005eb7eeadb3bb77d471665a95f81ebd5c10e03e0c17c29e2a6d821", size = 910563, upload-time = "2025-06-15T15:31:26.408Z" },
    { url = "https://files.pythonhosted.org/packages/5d/9a/021b8a3c0732743f39abd4f9aa40573f9394fbf19e3e85a52456ccaa94dc/lupa-2.5-cp39-cp39-macosx_11_0_universal2.whl", hash = "sha256:613714679e0b64f5bb06cd72581f9694735e682c70dbdc5cbefa11ff58da0352", size = 1854511, upload-time = "2025-06-15T15:31:29.048Z" },
    { url = "https://files.pythonhosted.org/packages/d7/03/d7cc6c63775667e0db95e5e8cf69733c4bd1c59dcb46ef2f606c0b75a52c/lupa-2.5-cp39-cp39-macosx_11_0_x86_64.whl", hash = "sha256:c843bbb0160052ae9726791bdda919b11ef4a318e5d117a67fa0d7e7a204f4a8", size = 964979, upload-time = "2025-06-15T15:31:30.885Z" },
    { url = "https://files.pythonhosted.org/packages/03/5d/f953fd46876ff4c617a4d3f23c45f4925df3450f77ecf11d67bb834975f4/lupa-2.5-cp39-cp39-manylinux2010_i686.manylinux2014_i686.manylinux_2_12_i686.manylinux_2_17_i686.whl", hash = "sha256:d75aa4ad8c4a3bb7f8357cb764fa886cedf13d052a50bf730105d76a72e22833", size = 1169885, upload-time = "2025-06-15T15:31:33.083Z" },
    { url = "https://files.pythonhosted.org/packages/2b/f1/c7eca22130181797764a7dc90270ca2a8c27f366b13ff00e95fd2f6fbbb8/lupa-2.5-cp39-cp39-manylinux2014_aarch64.manylinux_2_17_aarch64.manylinux_2_28_aarch64.whl", hash = "sha256:01433c46562ee9a64779627de34ccef38241a926b5325f03fe7859d73d8d2393", size = 1061555, upload-time = "2025-06-15T15:31:35.175Z" },
    { url = "https://files.pythonhosted.org/packages/84/2c/0d37b97cbf4b32d4fe202d33b2ff84d01de9bf2d8356d2e44c158cd902d5/lupa-2.5-cp39-cp39-manylinux2014_x86_64.manylinux_2_17_x86_64.manylinux_2_28_x86_64.whl", hash = "sha256:0b95f89fcc84601cc04e2a637e9029754ad43487ed50a13d8183db03b273b468", size = 2105509, upload-time = "2025-06-15T15:31:38.324Z" },
    { url = "https://files.pythonhosted.org/packages/59/3b/1db05dc2682277cf97075912004e570ec37e1f1af3dcc27bb2fccfae7a24/lupa-2.5-cp39-cp39-musllinux_1_2_aarch64.whl", hash = "sha256:2acb20dd5b0b345389ac0ac714def772eb5ebdbc9500fcabedd42f206747be42", size = 1084791, upload-time = "2025-06-15T15:31:40.104Z" },
    { url = "https://files.pythonhosted.org/packages/9d/f2/ad5041b9557bb6ece3c32aa1d5505f810fe7d39a1160b2f77cb6c1fc96c4/lupa-2.5-cp39-cp39-musllinux_1_2_i686.whl", hash = "sha256:91e45661a8871d3b2d73cefebb4793e1e461697836479f1969a2e7cbd5486b85", size = 1196474, upload-time = "2025-06-15T15:31:41.832Z" },
    { url = "https://files.pythonhosted.org/packages/89/3c/0e62792b52247b9190f73cb88feb8ff2f1af662a54867f309660ce06ab96/lupa-2.5-cp39-cp39-musllinux_1_2_x86_64.whl", hash = "sha256:4d468e6d9612fdfb43f44f2d077d7a389aa6bdf0b8ec57b4da2f96748cd99af6", size = 2200370, upload-time = "2025-06-15T15:31:44.444Z" },
    { url = "https://files.pythonhosted.org/packages/6d/ae/f52eb83ce12180072fb561865db56559cdaf7a3354cc8f7080f637d40daf/lupa-2.5-cp39-cp39-win32.whl", hash = "sha256:c240a9a77990ff2a7f7269330beec824a7b0a825abbb8bba3100d767799b86d1", size = 1416294, upload-time = "2025-06-15T15:31:46.536Z" },
    { url = "https://files.pythonhosted.org/packages/4f/0d/f2a311d122f15facf091e0381cd6a17ed5ee1ed68dfdafcd280d7c80c20c/lupa-2.5-cp39-cp39-win_amd64.whl", hash = "sha256:5f3ca676d9c0de54529392c9d3303d42d16f736e651ec51170bd7f3aaff9325a", size = 1669516, upload-time = "2025-06-15T15:31:48.413Z" },
]

[[package]]
name = "ruff"
version = "0.14.0"
source = { registry = "https://pypi.org/simple" }
sdist = { url = "https://files.pythonhosted.org/packages/41/b9/9bd84453ed6dd04688de9b3f3a4146a1698e8faae2ceeccce4e14c67ae17/ruff-0.14.0.tar.gz", hash = "sha256:62ec8969b7510f77945df916de15da55311fade8d6050995ff7f680afe582c57", size = 5452071, upload-time = "2025-10-07T18:21:55.763Z" }
wheels = [
    { url = "https://files.pythonhosted.org/packages/3a/4e/79d463a5f80654e93fa653ebfb98e0becc3f0e7cf6219c9ddedf1e197072/ruff-0.14.0-py3-none-linux_armv6l.whl", hash = "sha256:58e15bffa7054299becf4bab8a1187062c6f8cafbe9f6e39e0d5aface455d6b3", size = 12494532, upload-time = "2025-10-07T18:21:00.373Z" },
    { url = "https://files.pythonhosted.org/packages/ee/40/e2392f445ed8e02aa6105d49db4bfff01957379064c30f4811c3bf38aece/ruff-0.14.0-py3-none-macosx_10_12_x86_64.whl", hash = "sha256:838d1b065f4df676b7c9957992f2304e41ead7a50a568185efd404297d5701e8", size = 13160768, upload-time = "2025-10-07T18:21:04.73Z" },
    { url = "https://files.pythonhosted.org/packages/75/da/2a656ea7c6b9bd14c7209918268dd40e1e6cea65f4bb9880eaaa43b055cd/ruff-0.14.0-py3-none-macosx_11_0_arm64.whl", hash = "sha256:703799d059ba50f745605b04638fa7e9682cc3da084b2092feee63500ff3d9b8", size = 12363376, upload-time = "2025-10-07T18:21:07.833Z" },
    { url = "https://files.pythonhosted.org/packages/42/e2/1ffef5a1875add82416ff388fcb7ea8b22a53be67a638487937aea81af27/ruff-0.14.0-py3-none-manylinux_2_17_aarch64.manylinux2014_aarch64.whl", hash = "sha256:3ba9a8925e90f861502f7d974cc60e18ca29c72bb0ee8bfeabb6ade35a3abde7", size = 12608055, upload-time = "2025-10-07T18:21:10.72Z" },
    { url = "https://files.pythonhosted.org/packages/4a/32/986725199d7cee510d9f1dfdf95bf1efc5fa9dd714d0d85c1fb1f6be3bc3/ruff-0.14.0-py3-none-manylinux_2_17_armv7l.manylinux2014_armv7l.whl", hash = "sha256:e41f785498bd200ffc276eb9e1570c019c1d907b07cfb081092c8ad51975bbe7", size = 12318544, upload-time = "2025-10-07T18:21:13.741Z" },
    { url = "https://files.pythonhosted.org/packages/9a/ed/4969cefd53315164c94eaf4da7cfba1f267dc275b0abdd593d11c90829a3/ruff-0.14.0-py3-none-manylinux_2_17_i686.manylinux2014_i686.whl", hash = "sha256:30a58c087aef4584c193aebf2700f0fbcfc1e77b89c7385e3139956fa90434e2", size = 14001280, upload-time = "2025-10-07T18:21:16.411Z" },
    { url = "https://files.pythonhosted.org/packages/ab/ad/96c1fc9f8854c37681c9613d825925c7f24ca1acfc62a4eb3896b50bacd2/ruff-0.14.0-py3-none-manylinux_2_17_ppc64.manylinux2014_ppc64.whl", hash = "sha256:f8d07350bc7af0a5ce8812b7d5c1a7293cf02476752f23fdfc500d24b79b783c", size = 15027286, upload-time = "2025-10-07T18:21:19.577Z" },
    { url = "https://files.pythonhosted.org/packages/b3/00/1426978f97df4fe331074baf69615f579dc4e7c37bb4c6f57c2aad80c87f/ruff-0.14.0-py3-none-manylinux_2_17_ppc64le.manylinux2014_ppc64le.whl", hash = "sha256:eec3bbbf3a7d5482b5c1f42d5fc972774d71d107d447919fca620b0be3e3b75e", size = 14451506, upload-time = "2025-10-07T18:21:22.779Z" },
    { url = "https://files.pythonhosted.org/packages/58/d5/9c1cea6e493c0cf0647674cca26b579ea9d2a213b74b5c195fbeb9678e15/ruff-0.14.0-py3-none-manylinux_2_17_s390x.manylinux2014_s390x.whl", hash = "sha256:16b68e183a0e28e5c176d51004aaa40559e8f90065a10a559176713fcf435206", size = 13437384, upload-time = "2025-10-07T18:21:25.758Z" },
    { url = "https://files.pythonhosted.org/packages/29/b4/4cd6a4331e999fc05d9d77729c95503f99eae3ba1160469f2b64866964e3/ruff-0.14.0-py3-none-manylinux_2_17_x86_64.manylinux2014_x86_64.whl", hash = "sha256:eb732d17db2e945cfcbbc52af0143eda1da36ca8ae25083dd4f66f1542fdf82e", size = 13447976, upload-time = "2025-10-07T18:21:28.83Z" },
    { url = "https://files.pythonhosted.org/packages/3b/c0/ac42f546d07e4f49f62332576cb845d45c67cf5610d1851254e341d563b6/ruff-0.14.0-py3-none-manylinux_2_31_riscv64.whl", hash = "sha256:c958f66ab884b7873e72df38dcabee03d556a8f2ee1b8538ee1c2bbd619883dd", size = 13682850, upload-time = "2025-10-07T18:21:31.842Z" },
    { url = "https://files.pythonhosted.org/packages/5f/c4/4b0c9bcadd45b4c29fe1af9c5d1dc0ca87b4021665dfbe1c4688d407aa20/ruff-0.14.0-py3-none-musllinux_1_2_aarch64.whl", hash = "sha256:7eb0499a2e01f6e0c285afc5bac43ab380cbfc17cd43a2e1dd10ec97d6f2c42d", size = 12449825, upload-time = "2025-10-07T18:21:35.074Z" },
    { url = "https://files.pythonhosted.org/packages/4b/a8/e2e76288e6c16540fa820d148d83e55f15e994d852485f221b9524514730/ruff-0.14.0-py3-none-musllinux_1_2_armv7l.whl", hash = "sha256:4c63b2d99fafa05efca0ab198fd48fa6030d57e4423df3f18e03aa62518c565f", size = 12272599, upload-time = "2025-10-07T18:21:38.08Z" },
    { url = "https://files.pythonhosted.org/packages/18/14/e2815d8eff847391af632b22422b8207704222ff575dec8d044f9ab779b2/ruff-0.14.0-py3-none-musllinux_1_2_i686.whl", hash = "sha256:668fce701b7a222f3f5327f86909db2bbe99c30877c8001ff934c5413812ac02", size = 13193828, upload-time = "2025-10-07T18:21:41.216Z" },
    { url = "https://files.pythonhosted.org/packages/44/c6/61ccc2987cf0aecc588ff8f3212dea64840770e60d78f5606cd7dc34de32/ruff-0.14.0-py3-none-musllinux_1_2_x86_64.whl", hash = "sha256:a86bf575e05cb68dcb34e4c7dfe1064d44d3f0c04bbc0491949092192b515296", size = 13628617, upload-time = "2025-10-07T18:21:44.04Z" },
    { url = "https://files.pythonhosted.org/packages/73/e6/03b882225a1b0627e75339b420883dc3c90707a8917d2284abef7a58d317/ruff-0.14.0-py3-none-win32.whl", hash = "sha256:7450a243d7125d1c032cb4b93d9625dea46c8c42b4f06c6b709baac168e10543", size = 12367872, upload-time = "2025-10-07T18:21:46.67Z" },
    { url = "https://files.pythonhosted.org/packages/41/77/56cf9cf01ea0bfcc662de72540812e5ba8e9563f33ef3d37ab2174892c47/ruff-0.14.0-py3-none-win_amd64.whl", hash = "sha256:ea95da28cd874c4d9c922b39381cbd69cb7e7b49c21b8152b014bd4f52acddc2", size = 13464628, upload-time = "2025-10-07T18:21:50.318Z" },
    { url = "https://files.pythonhosted.org/packages/c6/2a/65880dfd0e13f7f13a775998f34703674a4554906167dce02daf7865b954/ruff-0.14.0-py3-none-win_arm64.whl", hash = "sha256:f42c9495f5c13ff841b1da4cb3c2a42075409592825dada7c5885c2c844ac730", size = 12565142, upload-time = "2025-10-07T18:21:53.577Z" },
]
