version = 1
revision = 3
requires-python = ">=3.9"
resolution-markers = [
    "python_full_version >= '3.10'",
    "python_full_version < '3.10'",
]

[[package]]
name = "bcrg"
version = "1.2.0"
source = { editable = "." }
dependencies = [
    { name = "dearpygui" },
    { name = "lupa" },
]

[package.dev-dependencies]
dev = [
    { name = "ruff" },
]

[package.metadata]
requires-dist = [
    { name = "dearpygui", specifier = ">=2.1.1" },
    { name = "lupa", specifier = ">=2.6" },
]

[package.metadata.requires-dev]
dev = [{ name = "ruff", specifier = ">=0.14.0" }]

[[package]]
name = "dearpygui"
version = "2.1.1"
source = { registry = "https://pypi.org/simple" }
wheels = [
    { url = "https://files.pythonhosted.org/packages/b4/09/c23ce6671e2339f4170620b5626bc80070611f6b8f1c6c000dfa1936062f/dearpygui-2.1.1-cp310-cp310-macosx_10_6_x86_64.whl", hash = "sha256:4cb99ac64125c4b454eb79c52c37c92e64d8dcd1646d14bb23e061930124f090", size = 2101049, upload-time = "2025-11-14T14:47:37.127Z" },
    { url = "https://files.pythonhosted.org/packages/63/cc/e99f0d8a9ae3f85febd3dc29c68c38af714c7ab232469beee2ca8f5ee1f1/dearpygui-2.1.1-cp310-cp310-macosx_13_0_arm64.whl", hash = "sha256:fa3b3f2617d01b3de93bc4632129d5155d34aba708c72df05af1eaf0369a6394", size = 1895437, upload-time = "2025-11-14T14:47:46Z" },
    { url = "https://files.pythonhosted.org/packages/96/48/245cb4b280d8b146dfb0cfe57a93cbd52ff5fea1ae634b676c46281d1596/dearpygui-2.1.1-cp310-cp310-manylinux1_x86_64.whl", hash = "sha256:886e3b4f91f9e75de0aa1fd5a51ea1cd862f047fbb1edd5bdcbec3d29c66f5cb", size = 2640351, upload-time = "2025-11-14T14:47:52.055Z" },
    { url = "https://files.pythonhosted.org/packages/ad/ba/169f29ceec2a404e66577a0ed408785a7cf2e75748205f80d24c48dc5ad5/dearpygui-2.1.1-cp310-cp310-win_amd64.whl", hash = "sha256:5bf454047f7dc7c77c98721fd98aaaf276fa82f954699c95dfe80916a7060136", size = 1808682, upload-time = "2025-11-14T14:47:23.635Z" },
    { url = "https://files.pythonhosted.org/packages/57/b5/d5bae262633d05f82aeeb3f84ae6240fe3f2955ab6fb4509ebf8048a0b9e/dearpygui-2.1.1-cp311-cp311-macosx_10_6_x86_64.whl", hash = "sha256:8a7c8608b365f4b380b7326679023595fecd04b78c514f2cfd349b0a1108bd0e", size = 2100934, upload-time = "2025-11-14T14:47:38.172Z" },
    { url = "https://files.pythonhosted.org/packages/93/86/75fa9a0f0a7b4b62810cc6f1e8ebaea3df0a825c0adf27d2024aaac2d178/dearpygui-2.1.1-cp311-cp311-macosx_13_0_arm64.whl", hash = "sha256:ee87153fdd494ccead8c2345553acd7a9ee61c031e3223f4160aa560709248a3", size = 1895473, upload-time = "2025-11-14T14:47:47.064Z" },
    { url = "https://files.pythonhosted.org/packages/ab/7a/e109e06f8f4379d41a4e672c49aba42e7fcf0eec88056fa06185f4e52c98/dearpygui-2.1.1-cp311-cp311-manylinux1_x86_64.whl", hash = "sha256:964fbb3735017b919efa58104b2d7e9b84a168ff5c1031ae0652d5bc0a48bf5b", size = 2640408, upload-time = "2025-11-14T14:47:53.124Z" },
    { url = "https://files.pythonhosted.org/packages/f3/b5/2ec29d9b47c30ecee96c6f6a0cf229f2898ce3e133a1a0e5b0cd5db82e6b/dearpygui-2.1.1-cp311-cp311-win_amd64.whl", hash = "sha256:6141184ff59fa4b8df1b81b077cb8cc2b2ef9c0ff92e69c6063062b6d251f426", size = 1808736, upload-time = "2025-11-14T14:47:26.46Z" },
    { url = "https://files.pythonhosted.org/packages/79/41/2146e8d03d28b5a66d5282beb26ffd9ab68a729a29d31e2fe91809271bf5/dearpygui-2.1.1-cp312-cp312-macosx_10_6_x86_64.whl", hash = "sha256:238aea7b4be7376f564dae8edd563b280ec1483a03786022969938507691e017", size = 2101529, upload-time = "2025-11-14T14:47:39.646Z" },
    { url = "https://files.pythonhosted.org/packages/b0/c5/fcc37ef834fe225241aa4f18d77aaa2903134f283077978d65a901c624c6/dearpygui-2.1.1-cp312-cp312-macosx_13_0_arm64.whl", hash = "sha256:c27ca6ecd4913555b717f3bb341c0b6a27d6c9fdc9932f0b3c31ae2ef893ae35", size = 1895555, upload-time = "2025-11-14T14:47:48.149Z" },
    { url = "https://files.pythonhosted.org/packages/74/66/19f454ba02d5f03a847cc1dfee4a849cd2307d97add5ba26fecdca318adb/dearpygui-2.1.1-cp312-cp312-manylinux1_x86_64.whl", hash = "sha256:8c071e9c165d89217bdcdaf769c6069252fcaee50bf369489add524107932273", size = 2641509, upload-time = "2025-11-14T14:47:54.581Z" },
    { url = "https://files.pythonhosted.org/packages/5e/58/d01538556103d544a5a5b4cbcb00646ff92d8a97f0a6283a56bede4307c8/dearpygui-2.1.1-cp312-cp312-win_amd64.whl", hash = "sha256:9f2291313d2035f8a4108e13f60d8c1a0e7c19af7554a7739a3fd15b3d5af8f7", size = 1808971, upload-time = "2025-11-14T14:47:28.15Z" },
    { url = "https://files.pythonhosted.org/packages/68/3d/69e1204f84e7153b52483c48f28bbc5d6a3996dca5de1a1d5e4904059b6b/dearpygui-2.1.1-cp313-cp313-macosx_10_6_x86_64.whl", hash = "sha256:5bab324eb6d61213e74a1937b501eff8ca713e7478d5bd6465b6456921194ca0", size = 2101382, upload-time = "2025-11-14T14:47:40.666Z" },
    { url = "https://files.pythonhosted.org/packages/3c/79/f28074174bd4ea2193213fcc099fa576568129ad805fc51a066f8502dedc/dearpygui-2.1.1-cp313-cp313-macosx_13_0_arm64.whl", hash = "sha256:958a794ed9c622842c70d80548fa943162f8b9f56c27f9a9a32eff5beef10945", size = 1895619, upload-time = "2025-11-14T14:47:49.231Z" },
    { url = "https://files.pythonhosted.org/packages/0c/46/afdbc98c35b1bb6bcac815489955c1a891dc44c5b6a00ac859cc11bd0ff5/dearpygui-2.1.1-cp313-cp313-manylinux1_x86_64.whl", hash = "sha256:ce692d9531d797cf31c85439e774d27fa67c5918e21e7e18d64987d1cb65ff2c", size = 2641406, upload-time = "2025-11-14T14:47:56.269Z" },
    { url = "https://files.pythonhosted.org/packages/6b/3a/5a71ab350e580cf88e1669f2d27bdc698df7bcda665edc459a9fe217234d/dearpygui-2.1.1-cp313-cp313-win_amd64.whl", hash = "sha256:0901c6ba9c717599df9469576184ca851de6cde242b2d9f9ab10bc35a7219656", size = 1808916, upload-time = "2025-11-14T14:47:30.363Z" },
    { url = "https://files.pythonhosted.org/packages/2c/bd/d41500cae7d4b204f4474df1953a1735a7be232711fa33692fe176a88824/dearpygui-2.1.1-cp314-cp314-macosx_10_6_x86_64.whl", hash = "sha256:6d8f807ea0c75d64407926db442255b609c6883dfcc85559acfd8f66569f7d61", size = 2101737, upload-time = "2025-11-14T14:47:41.67Z" },
    { url = "https://files.pythonhosted.org/packages/97/52/00cd59bf2cca1f76dff39370fd47dffe0cd116639e9a957bbf7dbedea369/dearpygui-2.1.1-cp314-cp314-macosx_13_0_arm64.whl", hash = "sha256:16cba0c621914c28abc056940143900677d964c60fe2432aeb45c4054cb84adc", size = 1895685, upload-time = "2025-11-14T14:47:50.303Z" },
    { url = "https://files.pythonhosted.org/packages/62/f8/305f9edc94601924f399d8381509763b3398300b012389ff4d1ebcdbdb9b/dearpygui-2.1.1-cp314-cp314-manylinux1_x86_64.whl", hash = "sha256:8a71dfb779772cd36b56858c15e333fb2487fb19a9319d796896cb0cd0efcd2c", size = 2641463, upload-time = "2025-11-14T14:47:57.792Z" },
    { url = "https://files.pythonhosted.org/packages/25/d5/1780c1165c435afe4b35aa664ae48881101bdb32476efeae5588d520bcb2/dearpygui-2.1.1-cp314-cp314-win_amd64.whl", hash = "sha256:7c719adbc382f688c84c576e8d752cfe861b41b9d83ed1fd065e20944c11afbf", size = 1866074, upload-time = "2025-11-14T14:47:31.897Z" },
    { url = "https://files.pythonhosted.org/packages/d2/ed/631da8cb6441e46f3aaf036c3cabb95631f80642a0c8d2e53b6ed1a95a1e/dearpygui-2.1.1-cp39-cp39-macosx_10_6_x86_64.whl", hash = "sha256:ef1ed13a00889e39492f8a4c20ec43a95d928cfc5bccc0897e645ca8785f5427", size = 2101057, upload-time = "2025-11-14T14:47:44.217Z" },
    { url = "https://files.pythonhosted.org/packages/a9/9d/3ca8aecb39a17ca613246acb3434602fc91984b748bd51d2e4ee9246f66f/dearpygui-2.1.1-cp39-cp39-manylinux1_x86_64.whl", hash = "sha256:d14abb9509b60e0e6e25bef7643a417f94e6a4477360688734a78a6c51171cc6", size = 2640579, upload-time = "2025-11-14T14:48:01.137Z" },
    { url = "https://files.pythonhosted.org/packages/4c/82/7adbcc6842c738ee5bdf2e6a4ce93cb3db64b4757ef40af1eb735d13299a/dearpygui-2.1.1-cp39-cp39-win_amd64.whl", hash = "sha256:91b0e81d92246e1d2ebd2e95ba06f88edbfebe4b39cee581f7da239368953a67", size = 1808743, upload-time = "2025-11-14T14:47:35.103Z" },
]

[[package]]
name = "lupa"
version = "2.6"
source = { registry = "https://pypi.org/simple" }
sdist = { url = "https://files.pythonhosted.org/packages/b8/1c/191c3e6ec6502e3dbe25a53e27f69a5daeac3e56de1f73c0138224171ead/lupa-2.6.tar.gz", hash = "sha256:9a770a6e89576be3447668d7ced312cd6fd41d3c13c2462c9dc2c2ab570e45d9", size = 7240282, upload-time = "2025-10-24T07:20:29.738Z" }
wheels = [
    { url = "https://files.pythonhosted.org/packages/a1/15/713cab5d0dfa4858f83b99b3e0329072df33dc14fc3ebbaa017e0f9755c4/lupa-2.6-cp310-cp310-macosx_11_0_arm64.whl", hash = "sha256:6b3dabda836317e63c5ad052826e156610f356a04b3003dfa0dbe66b5d54d671", size = 954828, upload-time = "2025-10-24T07:17:15.726Z" },
    { url = "https://files.pythonhosted.org/packages/2e/71/704740cbc6e587dd6cc8dabf2f04820ac6a671784e57cc3c29db795476db/lupa-2.6-cp310-cp310-macosx_11_0_universal2.whl", hash = "sha256:8726d1c123bbe9fbb974ce29825e94121824e66003038ff4532c14cc2ed0c51c", size = 1919259, upload-time = "2025-10-24T07:17:18.586Z" },
    { url = "https://files.pythonhosted.org/packages/eb/18/f248341c423c5d48837e35584c6c3eb4acab7e722b6057d7b3e28e42dae8/lupa-2.6-cp310-cp310-macosx_11_0_x86_64.whl", hash = "sha256:f4e159e7d814171199b246f9235ca8961f6461ea8c1165ab428afa13c9289a94", size = 984998, upload-time = "2025-10-24T07:17:20.428Z" },
    { url = "https://files.pythonhosted.org/packages/44/1e/8a4bd471e018aad76bcb9455d298c2c96d82eced20f2ae8fcec8cd800948/lupa-2.6-cp310-cp310-manylinux2010_i686.manylinux_2_12_i686.manylinux_2_28_i686.whl", hash = "sha256:202160e80dbfddfb79316692a563d843b767e0f6787bbd1c455f9d54052efa6c", size = 1174871, upload-time = "2025-10-24T07:17:22.755Z" },
    { url = "https://files.pythonhosted.org/packages/2a/5c/3a3f23fd6a91b0986eea1ceaf82ad3f9b958fe3515a9981fb9c4eb046c8b/lupa-2.6-cp310-cp310-manylinux2014_aarch64.manylinux_2_17_aarch64.manylinux_2_28_aarch64.whl", hash = "sha256:5deede7c5b36ab64f869dae4831720428b67955b0bb186c8349cf6ea121c852b", size = 1057471, upload-time = "2025-10-24T07:17:24.908Z" },
    { url = "https://files.pythonhosted.org/packages/45/ac/01be1fed778fb0c8f46ee8cbe344e4d782f6806fac12717f08af87aa4355/lupa-2.6-cp310-cp310-manylinux2014_x86_64.manylinux_2_17_x86_64.manylinux_2_28_x86_64.whl", hash = "sha256:86f04901f920bbf7c0cac56807dc9597e42347123e6f1f3ca920f15f54188ce5", size = 2100592, upload-time = "2025-10-24T07:17:27.089Z" },
    { url = "https://files.pythonhosted.org/packages/3f/6c/1a05bb873e30830f8574e10cd0b4cdbc72e9dbad2a09e25810b5e3b1f75d/lupa-2.6-cp310-cp310-musllinux_1_2_aarch64.whl", hash = "sha256:6deef8f851d6afb965c84849aa5b8c38856942df54597a811ce0369ced678610", size = 1081396, upload-time = "2025-10-24T07:17:29.064Z" },
    { url = "https://files.pythonhosted.org/packages/a2/c2/a19dd80d6dc98b39bbf8135b8198e38aa7ca3360b720eac68d1d7e9286b5/lupa-2.6-cp310-cp310-musllinux_1_2_i686.whl", hash = "sha256:21f2b5549681c2a13b1170a26159d30875d367d28f0247b81ca347222c755038", size = 1192007, upload-time = "2025-10-24T07:17:31.362Z" },
    { url = "https://files.pythonhosted.org/packages/4f/43/e1b297225c827f55752e46fdbfb021c8982081b0f24490e42776ea69ae3b/lupa-2.6-cp310-cp310-musllinux_1_2_x86_64.whl", hash = "sha256:66eea57630eab5e6f49fdc5d7811c0a2a41f2011be4ea56a087ea76112011eb7", size = 2196661, upload-time = "2025-10-24T07:17:33.484Z" },
    { url = "https://files.pythonhosted.org/packages/2e/8f/2272d429a7fa9dc8dbd6e9c5c9073a03af6007eb22a4c78829fec6a34b80/lupa-2.6-cp310-cp310-win32.whl", hash = "sha256:60a403de8cab262a4fe813085dd77010effa6e2eb1886db2181df803140533b1", size = 1412738, upload-time = "2025-10-24T07:17:35.11Z" },
    { url = "https://files.pythonhosted.org/packages/35/2a/1708911271dd49ad87b4b373b5a4b0e0a0516d3d2af7b76355946c7ee171/lupa-2.6-cp310-cp310-win_amd64.whl", hash = "sha256:e4656a39d93dfa947cf3db56dc16c7916cb0cc8024acd3a952071263f675df64", size = 1656898, upload-time = "2025-10-24T07:17:36.949Z" },
    { url = "https://files.pythonhosted.org/packages/ca/29/1f66907c1ebf1881735afa695e646762c674f00738ebf66d795d59fc0665/lupa-2.6-cp311-cp311-macosx_11_0_arm64.whl", hash = "sha256:6d988c0f9331b9f2a5a55186701a25444ab10a1432a1021ee58011499ecbbdd5", size = 962875, upload-time = "2025-10-24T07:17:39.107Z" },
    { url = "https://files.pythonhosted.org/packages/e6/67/4a748604be360eb9c1c215f6a0da921cd1a2b44b2c5951aae6fb83019d3a/lupa-2.6-cp311-cp311-macosx_11_0_universal2.whl", hash = "sha256:ebe1bbf48259382c72a6fe363dea61a0fd6fe19eab95e2ae881e20f3654587bf", size = 1935390, upload-time = "2025-10-24T07:17:41.427Z" },
    { url = "https://files.pythonhosted.org/packages/ac/0c/8ef9ee933a350428b7bdb8335a37ef170ab0bb008bbf9ca8f4f4310116b6/lupa-2.6-cp311-cp311-macosx_11_0_x86_64.whl", hash = "sha256:a8fcee258487cf77cdd41560046843bb38c2e18989cd19671dd1e2596f798306", size = 992193, upload-time = "2025-10-24T07:17:43.231Z" },
    { url = "https://files.pythonhosted.org/packages/65/46/e6c7facebdb438db8a65ed247e56908818389c1a5abbf6a36aab14f1057d/lupa-2.6-cp311-cp311-manylinux2010_i686.manylinux_2_12_i686.manylinux_2_28_i686.whl", hash = "sha256:561a8e3be800827884e767a694727ed8482d066e0d6edfcbf423b05e63b05535", size = 1165844, upload-time = "2025-10-24T07:17:45.437Z" },
    { url = "https://files.pythonhosted.org/packages/1c/26/9f1154c6c95f175ccbf96aa96c8f569c87f64f463b32473e839137601a8b/lupa-2.6-cp311-cp311-manylinux2014_aarch64.manylinux_2_17_aarch64.manylinux_2_28_aarch64.whl", hash = "sha256:af880a62d47991cae78b8e9905c008cbfdc4a3a9723a66310c2634fc7644578c", size = 1048069, upload-time = "2025-10-24T07:17:47.181Z" },
    { url = "https://files.pythonhosted.org/packages/68/67/2cc52ab73d6af81612b2ea24c870d3fa398443af8e2875e5befe142398b1/lupa-2.6-cp311-cp311-manylinux2014_x86_64.manylinux_2_17_x86_64.manylinux_2_28_x86_64.whl", hash = "sha256:80b22923aa4023c86c0097b235615f89d469a0c4eee0489699c494d3367c4c85", size = 2079079, upload-time = "2025-10-24T07:17:49.755Z" },
    { url = "https://files.pythonhosted.org/packages/2e/dc/f843f09bbf325f6e5ee61730cf6c3409fc78c010d968c7c78acba3019ca7/lupa-2.6-cp311-cp311-musllinux_1_2_aarch64.whl", hash = "sha256:153d2cc6b643f7efb9cfc0c6bb55ec784d5bac1a3660cfc5b958a7b8f38f4a75", size = 1071428, upload-time = "2025-10-24T07:17:51.991Z" },
    { url = "https://files.pythonhosted.org/packages/2e/60/37533a8d85bf004697449acb97ecdacea851acad28f2ad3803662487dd2a/lupa-2.6-cp311-cp311-musllinux_1_2_i686.whl", hash = "sha256:3fa8777e16f3ded50b72967dc17e23f5a08e4f1e2c9456aff2ebdb57f5b2869f", size = 1181756, upload-time = "2025-10-24T07:17:53.752Z" },
    { url = "https://files.pythonhosted.org/packages/e4/f2/cf29b20dbb4927b6a3d27c339ac5d73e74306ecc28c8e2c900b2794142ba/lupa-2.6-cp311-cp311-musllinux_1_2_x86_64.whl", hash = "sha256:8dbdcbe818c02a2f56f5ab5ce2de374dab03e84b25266cfbaef237829bc09b3f", size = 2175687, upload-time = "2025-10-24T07:17:56.228Z" },
    { url = "https://files.pythonhosted.org/packages/94/7c/050e02f80c7131b63db1474bff511e63c545b5a8636a24cbef3fc4da20b6/lupa-2.6-cp311-cp311-win32.whl", hash = "sha256:defaf188fde8f7a1e5ce3a5e6d945e533b8b8d547c11e43b96c9b7fe527f56dc", size = 1412592, upload-time = "2025-10-24T07:17:59.062Z" },
    { url = "https://files.pythonhosted.org/packages/6f/9a/6f2af98aa5d771cea661f66c8eb8f53772ec1ab1dfbce24126cfcd189436/lupa-2.6-cp311-cp311-win_amd64.whl", hash = "sha256:9505ae600b5c14f3e17e70f87f88d333717f60411faca1ddc6f3e61dce85fa9e", size = 1669194, upload-time = "2025-10-24T07:18:01.647Z" },
    { url = "https://files.pythonhosted.org/packages/94/86/ce243390535c39d53ea17ccf0240815e6e457e413e40428a658ea4ee4b8d/lupa-2.6-cp312-cp312-macosx_11_0_arm64.whl", hash = "sha256:47ce718817ef1cc0c40d87c3d5ae56a800d61af00fbc0fad1ca9be12df2f3b56", size = 951707, upload-time = "2025-10-24T07:18:03.884Z" },
    { url = "https://files.pythonhosted.org/packages/86/85/cedea5e6cbeb54396fdcc55f6b741696f3f036d23cfaf986d50d680446da/lupa-2.6-cp312-cp312-macosx_11_0_universal2.whl", hash = "sha256:7aba985b15b101495aa4b07112cdc08baa0c545390d560ad5cfde2e9e34f4d58", size = 1916703, upload-time = "2025-10-24T07:18:05.6Z" },
    { url = "https://files.pythonhosted.org/packages/24/be/3d6b5f9a8588c01a4d88129284c726017b2089f3a3fd3ba8bd977292fea0/lupa-2.6-cp312-cp312-macosx_11_0_x86_64.whl", hash = "sha256:b766f62f95b2739f2248977d29b0722e589dcf4f0ccfa827ccbd29f0148bd2e5", size = 985152, upload-time = "2025-10-24T07:18:08.561Z" },
    { url = "https://files.pythonhosted.org/packages/eb/23/9f9a05beee5d5dce9deca4cb07c91c40a90541fc0a8e09db4ee670da550f/lupa-2.6-cp312-cp312-manylinux2010_i686.manylinux_2_12_i686.manylinux_2_28_i686.whl", hash = "sha256:00a934c23331f94cb51760097ebfab14b005d55a6b30a2b480e3c53dd2fa290d", size = 1159599, upload-time = "2025-10-24T07:18:10.346Z" },
    { url = "https://files.pythonhosted.org/packages/40/4e/e7c0583083db9d7f1fd023800a9767d8e4391e8330d56c2373d890ac971b/lupa-2.6-cp312-cp312-manylinux2014_aarch64.manylinux_2_17_aarch64.manylinux_2_28_aarch64.whl", hash = "sha256:21de9f38bd475303e34a042b7081aabdf50bd9bafd36ce4faea2f90fd9f15c31", size = 1038686, upload-time = "2025-10-24T07:18:12.112Z" },
    { url = "https://files.pythonhosted.org/packages/1c/9f/5a4f7d959d4feba5e203ff0c31889e74d1ca3153122be4a46dca7d92bf7c/lupa-2.6-cp312-cp312-manylinux2014_x86_64.manylinux_2_17_x86_64.manylinux_2_28_x86_64.whl", hash = "sha256:cf3bda96d3fc41237e964a69c23647d50d4e28421111360274d4799832c560e9", size = 2071956, upload-time = "2025-10-24T07:18:14.572Z" },
    { url = "https://files.pythonhosted.org/packages/92/34/2f4f13ca65d01169b1720176aedc4af17bc19ee834598c7292db232cb6dc/lupa-2.6-cp312-cp312-musllinux_1_2_aarch64.whl", hash = "sha256:5a76ead245da54801a81053794aa3975f213221f6542d14ec4b859ee2e7e0323", size = 1057199, upload-time = "2025-10-24T07:18:16.379Z" },
    { url = "https://files.pythonhosted.org/packages/35/2a/5f7d2eebec6993b0dcd428e0184ad71afb06a45ba13e717f6501bfed1da3/lupa-2.6-cp312-cp312-musllinux_1_2_i686.whl", hash = "sha256:8dd0861741caa20886ddbda0a121d8e52fb9b5bb153d82fa9bba796962bf30e8", size = 1173693, upload-time = "2025-10-24T07:18:18.153Z" },
    { url = "https://files.pythonhosted.org/packages/e4/29/089b4d2f8e34417349af3904bb40bec40b65c8731f45e3fd8d497ca573e5/lupa-2.6-cp312-cp312-musllinux_1_2_x86_64.whl", hash = "sha256:239e63948b0b23023f81d9a19a395e768ed3da6a299f84e7963b8f813f6e3f9c", size = 2164394, upload-time = "2025-10-24T07:18:20.403Z" },
    { url = "https://files.pythonhosted.org/packages/f3/1b/79c17b23c921f81468a111cad843b076a17ef4b684c4a8dff32a7969c3f0/lupa-2.6-cp312-cp312-win32.whl", hash = "sha256:325894e1099499e7a6f9c351147661a2011887603c71086d36fe0f964d52d1ce", size = 1420647, upload-time = "2025-10-24T07:18:23.368Z" },
    { url = "https://files.pythonhosted.org/packages/b8/15/5121e68aad3584e26e1425a5c9a79cd898f8a152292059e128c206ee817c/lupa-2.6-cp312-cp312-win_amd64.whl", hash = "sha256:c735a1ce8ee60edb0fe71d665f1e6b7c55c6021f1d340eb8c865952c602cd36f", size = 1688529, upload-time = "2025-10-24T07:18:25.523Z" },
    { url = "https://files.pythonhosted.org/packages/28/1d/21176b682ca5469001199d8b95fa1737e29957a3d185186e7a8b55345f2e/lupa-2.6-cp313-cp313-macosx_11_0_arm64.whl", hash = "sha256:663a6e58a0f60e7d212017d6678639ac8df0119bc13c2145029dcba084391310", size = 947232, upload-time = "2025-10-24T07:18:27.878Z" },
    { url = "https://files.pythonhosted.org/packages/ce/4c/d327befb684660ca13cf79cd1f1d604331808f9f1b6fb6bf57832f8edf80/lupa-2.6-cp313-cp313-macosx_11_0_universal2.whl", hash = "sha256:d1f5afda5c20b1f3217a80e9bc1b77037f8a6eb11612fd3ada19065303c8f380", size = 1908625, upload-time = "2025-10-24T07:18:29.944Z" },
    { url = "https://files.pythonhosted.org/packages/66/8e/ad22b0a19454dfd08662237a84c792d6d420d36b061f239e084f29d1a4f3/lupa-2.6-cp313-cp313-macosx_11_0_x86_64.whl", hash = "sha256:26f2b3c085fe76e9119e48c1013c1cccdc1f51585d456858290475aa38e7089e", size = 981057, upload-time = "2025-10-24T07:18:31.553Z" },
    { url = "https://files.pythonhosted.org/packages/5c/48/74859073ab276bd0566c719f9ca0108b0cfc1956ca0d68678d117d47d155/lupa-2.6-cp313-cp313-manylinux2010_i686.manylinux_2_12_i686.manylinux_2_28_i686.whl", hash = "sha256:60d2f902c7b96fb8ab98493dcff315e7bb4d0b44dc9dd76eb37de575025d5685", size = 1156227, upload-time = "2025-10-24T07:18:33.981Z" },
    { url = "https://files.pythonhosted.org/packages/09/6c/0e9ded061916877253c2266074060eb71ed99fb21d73c8c114a76725bce2/lupa-2.6-cp313-cp313-manylinux2014_aarch64.manylinux_2_17_aarch64.manylinux_2_28_aarch64.whl", hash = "sha256:a02d25dee3a3250967c36590128d9220ae02f2eda166a24279da0b481519cbff", size = 1035752, upload-time = "2025-10-24T07:18:36.32Z" },
    { url = "https://files.pythonhosted.org/packages/dd/ef/f8c32e454ef9f3fe909f6c7d57a39f950996c37a3deb7b391fec7903dab7/lupa-2.6-cp313-cp313-manylinux2014_x86_64.manylinux_2_17_x86_64.manylinux_2_28_x86_64.whl", hash = "sha256:6eae1ee16b886b8914ff292dbefbf2f48abfbdee94b33a88d1d5475e02423203", size = 2069009, upload-time = "2025-10-24T07:18:38.072Z" },
    { url = "https://files.pythonhosted.org/packages/53/dc/15b80c226a5225815a890ee1c11f07968e0aba7a852df41e8ae6fe285063/lupa-2.6-cp313-cp313-musllinux_1_2_aarch64.whl", hash = "sha256:b0edd5073a4ee74ab36f74fe61450148e6044f3952b8d21248581f3c5d1a58be", size = 1056301, upload-time = "2025-10-24T07:18:40.165Z" },
    { url = "https://files.pythonhosted.org/packages/31/14/2086c1425c985acfb30997a67e90c39457122df41324d3c179d6ee2292c6/lupa-2.6-cp313-cp313-musllinux_1_2_i686.whl", hash = "sha256:0c53ee9f22a8a17e7d4266ad48e86f43771951797042dd51d1494aaa4f5f3f0a", size = 1170673, upload-time = "2025-10-24T07:18:42.426Z" },
    { url = "https://files.pythonhosted.org/packages/10/e5/b216c054cf86576c0191bf9a9f05de6f7e8e07164897d95eea0078dca9b2/lupa-2.6-cp313-cp313-musllinux_1_2_x86_64.whl", hash = "sha256:de7c0f157a9064a400d828789191a96da7f4ce889969a588b87ec80de9b14772", size = 2162227, upload-time = "2025-10-24T07:18:46.112Z" },
    { url = "https://files.pythonhosted.org/packages/59/2f/33ecb5bedf4f3bc297ceacb7f016ff951331d352f58e7e791589609ea306/lupa-2.6-cp313-cp313-win32.whl", hash = "sha256:ee9523941ae0a87b5b703417720c5d78f72d2f5bc23883a2ea80a949a3ed9e75", size = 1419558, upload-time = "2025-10-24T07:18:48.371Z" },
    { url = "https://files.pythonhosted.org/packages/f9/b4/55e885834c847ea610e111d87b9ed4768f0afdaeebc00cd46810f25029f6/lupa-2.6-cp313-cp313-win_amd64.whl", hash = "sha256:b1335a5835b0a25ebdbc75cf0bda195e54d133e4d994877ef025e218c2e59db9", size = 1683424, upload-time = "2025-10-24T07:18:50.976Z" },
    { url = "https://files.pythonhosted.org/packages/66/9d/d9427394e54d22a35d1139ef12e845fd700d4872a67a34db32516170b746/lupa-2.6-cp314-cp314-macosx_11_0_arm64.whl", hash = "sha256:dcb6d0a3264873e1653bc188499f48c1fb4b41a779e315eba45256cfe7bc33c1", size = 953818, upload-time = "2025-10-24T07:18:53.378Z" },
    { url = "https://files.pythonhosted.org/packages/10/41/27bbe81953fb2f9ecfced5d9c99f85b37964cfaf6aa8453bb11283983721/lupa-2.6-cp314-cp314-macosx_11_0_universal2.whl", hash = "sha256:a37e01f2128f8c36106726cb9d360bac087d58c54b4522b033cc5691c584db18", size = 1915850, upload-time = "2025-10-24T07:18:55.259Z" },
    { url = "https://files.pythonhosted.org/packages/a3/98/f9ff60db84a75ba8725506bbf448fb085bc77868a021998ed2a66d920568/lupa-2.6-cp314-cp314-macosx_11_0_x86_64.whl", hash = "sha256:458bd7e9ff3c150b245b0fcfbb9bd2593d1152ea7f0a7b91c1d185846da033fe", size = 982344, upload-time = "2025-10-24T07:18:57.05Z" },
    { url = "https://files.pythonhosted.org/packages/41/f7/f39e0f1c055c3b887d86b404aaf0ca197b5edfd235a8b81b45b25bac7fc3/lupa-2.6-cp314-cp314-manylinux2010_i686.manylinux_2_12_i686.manylinux_2_28_i686.whl", hash = "sha256:052ee82cac5206a02df77119c325339acbc09f5ce66967f66a2e12a0f3211cad", size = 1156543, upload-time = "2025-10-24T07:18:59.251Z" },
    { url = "https://files.pythonhosted.org/packages/9e/9c/59e6cffa0d672d662ae17bd7ac8ecd2c89c9449dee499e3eb13ca9cd10d9/lupa-2.6-cp314-cp314-manylinux2014_aarch64.manylinux_2_17_aarch64.manylinux_2_28_aarch64.whl", hash = "sha256:96594eca3c87dd07938009e95e591e43d554c1dbd0385be03c100367141db5a8", size = 1047974, upload-time = "2025-10-24T07:19:01.449Z" },
    { url = "https://files.pythonhosted.org/packages/23/c6/a04e9cef7c052717fcb28fb63b3824802488f688391895b618e39be0f684/lupa-2.6-cp314-cp314-manylinux2014_x86_64.manylinux_2_17_x86_64.manylinux_2_28_x86_64.whl", hash = "sha256:e8faddd9d198688c8884091173a088a8e920ecc96cda2ffed576a23574c4b3f6", size = 2073458, upload-time = "2025-10-24T07:19:03.369Z" },
    { url = "https://files.pythonhosted.org/packages/e6/10/824173d10f38b51fc77785228f01411b6ca28826ce27404c7c912e0e442c/lupa-2.6-cp314-cp314-musllinux_1_2_aarch64.whl", hash = "sha256:daebb3a6b58095c917e76ba727ab37b27477fb926957c825205fbda431552134", size = 1067683, upload-time = "2025-10-24T07:19:06.2Z" },
    { url = "https://files.pythonhosted.org/packages/b6/dc/9692fbcf3c924d9c4ece2d8d2f724451ac2e09af0bd2a782db1cef34e799/lupa-2.6-cp314-cp314-musllinux_1_2_i686.whl", hash = "sha256:f3154e68972befe0f81564e37d8142b5d5d79931a18309226a04ec92487d4ea3", size = 1171892, upload-time = "2025-10-24T07:19:08.544Z" },
    { url = "https://files.pythonhosted.org/packages/84/ff/e318b628d4643c278c96ab3ddea07fc36b075a57383c837f5b11e537ba9d/lupa-2.6-cp314-cp314-musllinux_1_2_x86_64.whl", hash = "sha256:e4dadf77b9fedc0bfa53417cc28dc2278a26d4cbd95c29f8927ad4d8fe0a7ef9", size = 2166641, upload-time = "2025-10-24T07:19:10.485Z" },
    { url = "https://files.pythonhosted.org/packages/12/f7/a6f9ec2806cf2d50826980cdb4b3cffc7691dc6f95e13cc728846d5cb793/lupa-2.6-cp314-cp314-win32.whl", hash = "sha256:cb34169c6fa3bab3e8ac58ca21b8a7102f6a94b6a5d08d3636312f3f02fafd8f", size = 1456857, upload-time = "2025-10-24T07:19:37.989Z" },
    { url = "https://files.pythonhosted.org/packages/c5/de/df71896f25bdc18360fdfa3b802cd7d57d7fede41a0e9724a4625b412c85/lupa-2.6-cp314-cp314-win_amd64.whl", hash = "sha256:b74f944fe46c421e25d0f8692aef1e842192f6f7f68034201382ac440ef9ea67", size = 1731191, upload-time = "2025-10-24T07:19:40.281Z" },
    { url = "https://files.pythonhosted.org/packages/47/3c/a1f23b01c54669465f5f4c4083107d496fbe6fb45998771420e9aadcf145/lupa-2.6-cp314-cp314t-macosx_11_0_arm64.whl", hash = "sha256:0e21b716408a21ab65723f8841cf7f2f37a844b7a965eeabb785e27fca4099cf", size = 999343, upload-time = "2025-10-24T07:19:12.519Z" },
    { url = "https://files.pythonhosted.org/packages/c5/6d/501994291cb640bfa2ccf7f554be4e6914afa21c4026bd01bff9ca8aac57/lupa-2.6-cp314-cp314t-macosx_11_0_universal2.whl", hash = "sha256:589db872a141bfff828340079bbdf3e9a31f2689f4ca0d88f97d9e8c2eae6142", size = 2000730, upload-time = "2025-10-24T07:19:14.869Z" },
    { url = "https://files.pythonhosted.org/packages/53/a5/457ffb4f3f20469956c2d4c4842a7675e884efc895b2f23d126d23e126cc/lupa-2.6-cp314-cp314t-macosx_11_0_x86_64.whl", hash = "sha256:cd852a91a4a9d4dcbb9a58100f820a75a425703ec3e3f049055f60b8533b7953", size = 1021553, upload-time = "2025-10-24T07:19:17.123Z" },
    { url = "https://files.pythonhosted.org/packages/51/6b/36bb5a5d0960f2a5c7c700e0819abb76fd9bf9c1d8a66e5106416d6e9b14/lupa-2.6-cp314-cp314t-manylinux2010_i686.manylinux_2_12_i686.manylinux_2_28_i686.whl", hash = "sha256:0334753be028358922415ca97a64a3048e4ed155413fc4eaf87dd0a7e2752983", size = 1133275, upload-time = "2025-10-24T07:19:20.51Z" },
    { url = "https://files.pythonhosted.org/packages/19/86/202ff4429f663013f37d2229f6176ca9f83678a50257d70f61a0a97281bf/lupa-2.6-cp314-cp314t-manylinux2014_aarch64.manylinux_2_17_aarch64.manylinux_2_28_aarch64.whl", hash = "sha256:661d895cd38c87658a34780fac54a690ec036ead743e41b74c3fb81a9e65a6aa", size = 1038441, upload-time = "2025-10-24T07:19:22.509Z" },
    { url = "https://files.pythonhosted.org/packages/a7/42/d8125f8e420714e5b52e9c08d88b5329dfb02dcca731b4f21faaee6cc5b5/lupa-2.6-cp314-cp314t-manylinux2014_x86_64.manylinux_2_17_x86_64.manylinux_2_28_x86_64.whl", hash = "sha256:6aa58454ccc13878cc177c62529a2056be734da16369e451987ff92784994ca7", size = 2058324, upload-time = "2025-10-24T07:19:24.979Z" },
    { url = "https://files.pythonhosted.org/packages/2b/2c/47bf8b84059876e877a339717ddb595a4a7b0e8740bacae78ba527562e1c/lupa-2.6-cp314-cp314t-musllinux_1_2_aarch64.whl", hash = "sha256:1425017264e470c98022bba8cff5bd46d054a827f5df6b80274f9cc71dafd24f", size = 1060250, upload-time = "2025-10-24T07:19:27.262Z" },
    { url = "https://files.pythonhosted.org/packages/c2/06/d88add2b6406ca1bdec99d11a429222837ca6d03bea42ca75afa169a78cb/lupa-2.6-cp314-cp314t-musllinux_1_2_i686.whl", hash = "sha256:224af0532d216e3105f0a127410f12320f7c5f1aa0300bdf9646b8d9afb0048c", size = 1151126, upload-time = "2025-10-24T07:19:29.522Z" },
    { url = "https://files.pythonhosted.org/packages/b4/a0/89e6a024c3b4485b89ef86881c9d55e097e7cb0bdb74efb746f2fa6a9a76/lupa-2.6-cp314-cp314t-musllinux_1_2_x86_64.whl", hash = "sha256:9abb98d5a8fd27c8285302e82199f0e56e463066f88f619d6594a450bf269d80", size = 2153693, upload-time = "2025-10-24T07:19:31.379Z" },
    { url = "https://files.pythonhosted.org/packages/b6/36/a0f007dc58fc1bbf51fb85dcc82fcb1f21b8c4261361de7dab0e3d8521ef/lupa-2.6-cp314-cp314t-win32.whl", hash = "sha256:1849efeba7a8f6fb8aa2c13790bee988fd242ae404bd459509640eeea3d1e291", size = 1590104, upload-time = "2025-10-24T07:19:33.514Z" },
    { url = "https://files.pythonhosted.org/packages/7d/5e/db903ce9cf82c48d6b91bf6d63ae4c8d0d17958939a4e04ba6b9f38b8643/lupa-2.6-cp314-cp314t-win_amd64.whl", hash = "sha256:fc1498d1a4fc028bc521c26d0fad4ca00ed63b952e32fb95949bda76a04bad52", size = 1913818, upload-time = "2025-10-24T07:19:36.039Z" },
    { url = "https://files.pythonhosted.org/packages/fb/c5/918ed6c3af793764bae155d68df47bab2635ab7c94dee3dbb5d9c6d5ba38/lupa-2.6-cp39-cp39-macosx_11_0_arm64.whl", hash = "sha256:8897dc6c3249786b2cdf2f83324febb436193d4581b6a71dea49f77bf8b19bb0", size = 956718, upload-time = "2025-10-24T07:20:03.086Z" },
    { url = "https://files.pythonhosted.org/packages/da/91/0ca797da854478225c0f6a8fc3c500a2f5c11826d732735beb5dffff9e85/lupa-2.6-cp39-cp39-macosx_11_0_universal2.whl", hash = "sha256:4446396ca3830be0c106c70db4b4f622c37b2d447874c07952cafb9c57949a4a", size = 1923934, upload-time = "2025-10-24T07:20:05.428Z" },
    { url = "https://files.pythonhosted.org/packages/f5/7f/98a6a2535285d43457eb665822ab08447e2196b614db3152772d457ca426/lupa-2.6-cp39-cp39-macosx_11_0_x86_64.whl", hash = "sha256:5826e687c89995a6eaafeae242071ba16448eec1a9ee8e17ed48551b5d1e21c2", size = 987286, upload-time = "2025-10-24T07:20:07.338Z" },
    { url = "https://files.pythonhosted.org/packages/5f/50/edad7c180ab28aa543e6c3895e56a2c7a6ff92140a283316e6086f118552/lupa-2.6-cp39-cp39-manylinux2010_i686.manylinux_2_12_i686.manylinux_2_28_i686.whl", hash = "sha256:5871935cb36d1d22f9c04ac0db75c06751bd95edcfa0d9309f732de908e297a9", size = 1176541, upload-time = "2025-10-24T07:20:09.305Z" },
    { url = "https://files.pythonhosted.org/packages/24/b3/27a0ec4c73011e86f9bd2eada010062308a4ed32921898d066ae54e064e1/lupa-2.6-cp39-cp39-manylinux2014_aarch64.manylinux_2_17_aarch64.manylinux_2_28_aarch64.whl", hash = "sha256:43eb6e43ea8512d0d65b995d36dd9d77aa02598035e25b84c23a1b58700c9fb2", size = 1058981, upload-time = "2025-10-24T07:20:11.7Z" },
    { url = "https://files.pythonhosted.org/packages/a4/12/d55d45a8c253e7981f59ae920bac49dbd49888954b25fd1eb3a7be1321db/lupa-2.6-cp39-cp39-manylinux2014_x86_64.manylinux_2_17_x86_64.manylinux_2_28_x86_64.whl", hash = "sha256:559714053018d9885cc8c36a33c5b7eb9aad30fb6357719cac3ce4dc6b39157e", size = 2103336, upload-time = "2025-10-24T07:20:13.71Z" },
    { url = "https://files.pythonhosted.org/packages/ab/17/058cc212c22d6a25990226afd02c741b2813b5f325396a9180b4accb70ac/lupa-2.6-cp39-cp39-musllinux_1_2_aarch64.whl", hash = "sha256:57ac88a00ce59bd9d4ddcd4fca8e02564765725f5068786b011c9d1be3de20c5", size = 1083209, upload-time = "2025-10-24T07:20:15.587Z" },
    { url = "https://files.pythonhosted.org/packages/e6/01/8ca3a56a4e127784a15f0c7ec1f67e9894c2e9d4bf402389ddda4ea8081b/lupa-2.6-cp39-cp39-musllinux_1_2_i686.whl", hash = "sha256:b683fbd867c2e54c44a686361b75eee7e7a790da55afdbe89f1f23b106de0274", size = 1193077, upload-time = "2025-10-24T07:20:17.857Z" },
    { url = "https://files.pythonhosted.org/packages/07/1b/c7fe79bcda6d489306bb7c1a9b4d545b7f0930b9ce80080643fc39b3fdc9/lupa-2.6-cp39-cp39-musllinux_1_2_x86_64.whl", hash = "sha256:d2f656903a2ed2e074bf2b7d300968028dfa327a45b055be8e3b51ef0b82f9bf", size = 2198584, upload-time = "2025-10-24T07:20:20.468Z" },
    { url = "https://files.pythonhosted.org/packages/9e/df/3f7631eea3478ac3868cbcb2763c1a4e2f7b875fcb2683f956bf7aabf65f/lupa-2.6-cp39-cp39-win32.whl", hash = "sha256:bf28f68ae231b72008523ab5ac23835ba0f76e0e99ec38b59766080a84eb596a", size = 1414693, upload-time = "2025-10-24T07:20:23.477Z" },
    { url = "https://files.pythonhosted.org/packages/08/e0/3fd9617814663129fa4a9b33a980c3fe344297337cb550c738f87f730f6b/lupa-2.6-cp39-cp39-win_amd64.whl", hash = "sha256:b4b2e9b3795a9897cf6cfcc58d08210fdc0d13ab47c9a0e13858c68932d8353c", size = 1658877, upload-time = "2025-10-24T07:20:27.086Z" },
]

[[package]]
name = "ruff"
version = "0.14.0"
source = { registry = "https://pypi.org/simple" }
sdist = { url = "https://files.pythonhosted.org/packages/41/b9/9bd84453ed6dd04688de9b3f3a4146a1698e8faae2ceeccce4e14c67ae17/ruff-0.14.0.tar.gz", hash = "sha256:62ec8969b7510f77945df916de15da55311fade8d6050995ff7f680afe582c57", size = 5452071, upload-time = "2025-10-07T18:21:55.763Z" }
wheels = [
    { url = "https://files.pythonhosted.org/packages/3a/4e/79d463a5f80654e93fa653ebfb98e0becc3f0e7cf6219c9ddedf1e197072/ruff-0.14.0-py3-none-linux_armv6l.whl", hash = "sha256:58e15bffa7054299becf4bab8a1187062c6f8cafbe9f6e39e0d5aface455d6b3", size = 12494532, upload-time = "2025-10-07T18:21:00.373Z" },
    { url = "https://files.pythonhosted.org/packages/ee/40/e2392f445ed8e02aa6105d49db4bfff01957379064c30f4811c3bf38aece/ruff-0.14.0-py3-none-macosx_10_12_x86_64.whl", hash = "sha256:838d1b065f4df676b7c9957992f2304e41ead7a50a568185efd404297d5701e8", size = 13160768, upload-time = "2025-10-07T18:21:04.73Z" },
    { url = "https://files.pythonhosted.org/packages/75/da/2a656ea7c6b9bd14c7209918268dd40e1e6cea65f4bb9880eaaa43b055cd/ruff-0.14.0-py3-none-macosx_11_0_arm64.whl", hash = "sha256:703799d059ba50f745605b04638fa7e9682cc3da084b2092feee63500ff3d9b8", size = 12363376, upload-time = "2025-10-07T18:21:07.833Z" },
    { url = "https://files.pythonhosted.org/packages/42/e2/1ffef5a1875add82416ff388fcb7ea8b22a53be67a638487937aea81af27/ruff-0.14.0-py3-none-manylinux_2_17_aarch64.manylinux2014_aarch64.whl", hash = "sha256:3ba9a8925e90f861502f7d974cc60e18ca29c72bb0ee8bfeabb6ade35a3abde7", size = 12608055, upload-time = "2025-10-07T18:21:10.72Z" },
    { url = "https://files.pythonhosted.org/packages/4a/32/986725199d7cee510d9f1dfdf95bf1efc5fa9dd714d0d85c1fb1f6be3bc3/ruff-0.14.0-py3-none-manylinux_2_17_armv7l.manylinux2014_armv7l.whl", hash = "sha256:e41f785498bd200ffc276eb9e1570c019c1d907b07cfb081092c8ad51975bbe7", size = 12318544, upload-time = "2025-10-07T18:21:13.741Z" },
    { url = "https://files.pythonhosted.org/packages/9a/ed/4969cefd53315164c94eaf4da7cfba1f267dc275b0abdd593d11c90829a3/ruff-0.14.0-py3-none-manylinux_2_17_i686.manylinux2014_i686.whl", hash = "sha256:30a58c087aef4584c193aebf2700f0fbcfc1e77b89c7385e3139956fa90434e2", size = 14001280, upload-time = "2025-10-07T18:21:16.411Z" },
    { url = "https://files.pythonhosted.org/packages/ab/ad/96c1fc9f8854c37681c9613d825925c7f24ca1acfc62a4eb3896b50bacd2/ruff-0.14.0-py3-none-manylinux_2_17_ppc64.manylinux2014_ppc64.whl", hash = "sha256:f8d07350bc7af0a5ce8812b7d5c1a7293cf02476752f23fdfc500d24b79b783c", size = 15027286, upload-time = "2025-10-07T18:21:19.577Z" },
    { url = "https://files.pythonhosted.org/packages/b3/00/1426978f97df4fe331074baf69615f579dc4e7c37bb4c6f57c2aad80c87f/ruff-0.14.0-py3-none-manylinux_2_17_ppc64le.manylinux2014_ppc64le.whl", hash = "sha256:eec3bbbf3a7d5482b5c1f42d5fc972774d71d107d447919fca620b0be3e3b75e", size = 14451506, upload-time = "2025-10-07T18:21:22.779Z" },
    { url = "https://files.pythonhosted.org/packages/58/d5/9c1cea6e493c0cf0647674cca26b579ea9d2a213b74b5c195fbeb9678e15/ruff-0.14.0-py3-none-manylinux_2_17_s390x.manylinux2014_s390x.whl", hash = "sha256:16b68e183a0e28e5c176d51004aaa40559e8f90065a10a559176713fcf435206", size = 13437384, upload-time = "2025-10-07T18:21:25.758Z" },
    { url = "https://files.pythonhosted.org/packages/29/b4/4cd6a4331e999fc05d9d77729c95503f99eae3ba1160469f2b64866964e3/ruff-0.14.0-py3-none-manylinux_2_17_x86_64.manylinux2014_x86_64.whl", hash = "sha256:eb732d17db2e945cfcbbc52af0143eda1da36ca8ae25083dd4f66f1542fdf82e", size = 13447976, upload-time = "2025-10-07T18:21:28.83Z" },
    { url = "https://files.pythonhosted.org/packages/3b/c0/ac42f546d07e4f49f62332576cb845d45c67cf5610d1851254e341d563b6/ruff-0.14.0-py3-none-manylinux_2_31_riscv64.whl", hash = "sha256:c958f66ab884b7873e72df38dcabee03d556a8f2ee1b8538ee1c2bbd619883dd", size = 13682850, upload-time = "2025-10-07T18:21:31.842Z" },
    { url = "https://files.pythonhosted.org/packages/5f/c4/4b0c9bcadd45b4c29fe1af9c5d1dc0ca87b4021665dfbe1c4688d407aa20/ruff-0.14.0-py3-none-musllinux_1_2_aarch64.whl", hash = "sha256:7eb0499a2e01f6e0c285afc5bac43ab380cbfc17cd43a2e1dd10ec97d6f2c42d", size = 12449825, upload-time = "2025-10-07T18:21:35.074Z" },
    { url = "https://files.pythonhosted.org/packages/4b/a8/e2e76288e6c16540fa820d148d83e55f15e994d852485f221b9524514730/ruff-0.14.0-py3-none-musllinux_1_2_armv7l.whl", hash = "sha256:4c63b2d99fafa05efca0ab198fd48fa6030d57e4423df3f18e03aa62518c565f", size = 12272599, upload-time = "2025-10-07T18:21:38.08Z" },
    { url = "https://files.pythonhosted.org/packages/18/14/e2815d8eff847391af632b22422b8207704222ff575dec8d044f9ab779b2/ruff-0.14.0-py3-none-musllinux_1_2_i686.whl", hash = "sha256:668fce701b7a222f3f5327f86909db2bbe99c30877c8001ff934c5413812ac02", size = 13193828, upload-time = "2025-10-07T18:21:41.216Z" },
    { url = "https://files.pythonhosted.org/packages/44/c6/61ccc2987cf0aecc588ff8f3212dea64840770e60d78f5606cd7dc34de32/ruff-0.14.0-py3-none-musllinux_1_2_x86_64.whl", hash = "sha256:a86bf575e05cb68dcb34e4c7dfe1064d44d3f0c04bbc0491949092192b515296", size = 13628617, upload-time = "2025-10-07T18:21:44.04Z" },
    { url = "https://files.pythonhosted.org/packages/73/e6/03b882225a1b0627e75339b420883dc3c90707a8917d2284abef7a58d317/ruff-0.14.0-py3-none-win32.whl", hash = "sha256:7450a243d7125d1c032cb4b93d9625dea46c8c42b4f06c6b709baac168e10543", size = 12367872, upload-time = "2025-10-07T18:21:46.67Z" },
    { url = "https://files.pythonhosted.org/packages/41/77/56cf9cf01ea0bfcc662de72540812e5ba8e9563f33ef3d37ab2174892c47/ruff-0.14.0-py3-none-win_amd64.whl", hash = "sha256:ea95da28cd874c4d9c922b39381cbd69cb7e7b49c21b8152b014bd4f52acddc2", size = 13464628, upload-time = "2025-10-07T18:21:50.318Z" },
    { url = "https://files.pythonhosted.org/packages/c6/2a/65880dfd0e13f7f13a775998f34703674a4554906167dce02daf7865b954/ruff-0.14.0-py3-none-win_arm64.whl", hash = "sha256:f42c9495f5c13ff841b1da4cb3c2a42075409592825dada7c5885c2c844ac730", size = 12565142, upload-time = "2025-10-07T18:21:53.577Z" },
]
